
Microsoft Visual Studio Solution File, Format Version 12.00
# Visual Studio Version 17
VisualStudioVersion = 17.14.36623.8 d17.14
MinimumVisualStudioVersion = 10.0.40219.1
Project("{FAE04EC0-301F-11D3-BF4B-00C04F79EFBC}") = "KeyGenerator2", "KeyGenerator2\KeyGenerator2.csproj", "{ABBCA076-E8DA-46EC-9885-A66730624224}"
EndProject
Global
	GlobalSection(SolutionConfigurationPlatforms) = preSolution
		Debug|Any CPU = Debug|Any CPU
		Release|Any CPU = Release|Any CPU
	EndGlobalSection
	GlobalSection(ProjectConfigurationPlatforms) = postSolution
		{ABBCA076-E8DA-46EC-9885-A66730624224}.Debug|Any CPU.ActiveCfg = Debug|Any CPU
		{ABBCA076-E8DA-46EC-9885-A66730624224}.Debug|Any CPU.Build.0 = Debug|Any CPU
		{ABBCA076-E8DA-46EC-9885-A66730624224}.Release|Any CPU.ActiveCfg = Release|Any CPU
		{ABBCA076-E8DA-46EC-9885-A66730624224}.Release|Any CPU.Build.0 = Release|Any CPU
	EndGlobalSection
	GlobalSection(SolutionProperties) = preSolution
		HideSolutionNode = FALSE
	EndGlobalSection
	GlobalSection(ExtensibilityGlobals) = postSolution
		SolutionGuid = {8F6FB9AB-4F0E-434B-8FB9-1086DD71BBFA}
	EndGlobalSection
EndGlobal
